// !$*UTF8*$!
{
	archiveVersion = 1;
	classes = {
	};
	objectVersion = 46;
	objects = {

/* Begin PBXBuildFile section */
		C893C31F1C5BD3DF001614C2 /* AppDelegate.swift in Sources */ = {isa = PBXBuildFile; fileRef = C893C31E1C5BD3DF001614C2 /* AppDelegate.swift */; };
		C893C3211C5BD3DF001614C2 /* ViewController.swift in Sources */ = {isa = PBXBuildFile; fileRef = C893C3201C5BD3DF001614C2 /* ViewController.swift */; };
		C893C3241C5BD3DF001614C2 /* Main.storyboard in Resources */ = {isa = PBXBuildFile; fileRef = C893C3221C5BD3DF001614C2 /* Main.storyboard */; };
		C893C3261C5BD3DF001614C2 /* Assets.xcassets in Resources */ = {isa = PBXBuildFile; fileRef = C893C3251C5BD3DF001614C2 /* Assets.xcassets */; };
		C893C3291C5BD3DF001614C2 /* LaunchScreen.storyboard in Resources */ = {isa = PBXBuildFile; fileRef = C893C3271C5BD3DF001614C2 /* LaunchScreen.storyboard */; };
		C893C3311C5C1E9C001614C2 /* DragImage.swift in Sources */ = {isa = PBXBuildFile; fileRef = C893C3301C5C1E9C001614C2 /* DragImage.swift */; };
		C893C3331C5C21F2001614C2 /* MonsterImage.swift in Sources */ = {isa = PBXBuildFile; fileRef = C893C3321C5C21F2001614C2 /* MonsterImage.swift */; };
		C893C3391C5C35AF001614C2 /* bite.wav in Resources */ = {isa = PBXBuildFile; fileRef = C893C3341C5C35AF001614C2 /* bite.wav */; };
		C893C33A1C5C35AF001614C2 /* cave-music.mp3 in Resources */ = {isa = PBXBuildFile; fileRef = C893C3351C5C35AF001614C2 /* cave-music.mp3 */; };
		C893C33B1C5C35AF001614C2 /* death.wav in Resources */ = {isa = PBXBuildFile; fileRef = C893C3361C5C35AF001614C2 /* death.wav */; };
		C893C33C1C5C35AF001614C2 /* heart.wav in Resources */ = {isa = PBXBuildFile; fileRef = C893C3371C5C35AF001614C2 /* heart.wav */; };
		C893C33D1C5C35AF001614C2 /* skull.wav in Resources */ = {isa = PBXBuildFile; fileRef = C893C3381C5C35AF001614C2 /* skull.wav */; };
		C893C33F1C5D201A001614C2 /* hit.wav in Resources */ = {isa = PBXBuildFile; fileRef = C893C33E1C5D201A001614C2 /* hit.wav */; };
		C893C3411C62A21D001614C2 /* CharacterSelectViewController.swift in Sources */ = {isa = PBXBuildFile; fileRef = C893C3401C62A21D001614C2 /* CharacterSelectViewController.swift */; };
/* End PBXBuildFile section */

/* Begin PBXFileReference section */
		C893C31B1C5BD3DE001614C2 /* My-Little-Monster.app */ = {isa = PBXFileReference; explicitFileType = wrapper.application; includeInIndex = 0; path = "My-Little-Monster.app"; sourceTree = BUILT_PRODUCTS_DIR; };
		C893C31E1C5BD3DF001614C2 /* AppDelegate.swift */ = {isa = PBXFileReference; lastKnownFileType = sourcecode.swift; path = AppDelegate.swift; sourceTree = "<group>"; };
		C893C3201C5BD3DF001614C2 /* ViewController.swift */ = {isa = PBXFileReference; lastKnownFileType = sourcecode.swift; path = ViewController.swift; sourceTree = "<group>"; };
		C893C3231C5BD3DF001614C2 /* Base */ = {isa = PBXFileReference; lastKnownFileType = file.storyboard; name = Base; path = Base.lproj/Main.storyboard; sourceTree = "<group>"; };
		C893C3251C5BD3DF001614C2 /* Assets.xcassets */ = {isa = PBXFileReference; lastKnownFileType = folder.assetcatalog; path = Assets.xcassets; sourceTree = "<group>"; };
		C893C3281C5BD3DF001614C2 /* Base */ = {isa = PBXFileReference; lastKnownFileType = file.storyboard; name = Base; path = Base.lproj/LaunchScreen.storyboard; sourceTree = "<group>"; };
		C893C32A1C5BD3DF001614C2 /* Info.plist */ = {isa = PBXFileReference; lastKnownFileType = text.plist.xml; path = Info.plist; sourceTree = "<group>"; };
		C893C3301C5C1E9C001614C2 /* DragImage.swift */ = {isa = PBXFileReference; fileEncoding = 4; lastKnownFileType = sourcecode.swift; path = DragImage.swift; sourceTree = "<group>"; };
		C893C3321C5C21F2001614C2 /* MonsterImage.swift */ = {isa = PBXFileReference; fileEncoding = 4; lastKnownFileType = sourcecode.swift; path = MonsterImage.swift; sourceTree = "<group>"; };
		C893C3341C5C35AF001614C2 /* bite.wav */ = {isa = PBXFileReference; lastKnownFileType = audio.wav; path = bite.wav; sourceTree = "<group>"; };
		C893C3351C5C35AF001614C2 /* cave-music.mp3 */ = {isa = PBXFileReference; lastKnownFileType = audio.mp3; path = "cave-music.mp3"; sourceTree = "<group>"; };
		C893C3361C5C35AF001614C2 /* death.wav */ = {isa = PBXFileReference; lastKnownFileType = audio.wav; path = death.wav; sourceTree = "<group>"; };
		C893C3371C5C35AF001614C2 /* heart.wav */ = {isa = PBXFileReference; lastKnownFileType = audio.wav; path = heart.wav; sourceTree = "<group>"; };
		C893C3381C5C35AF001614C2 /* skull.wav */ = {isa = PBXFileReference; lastKnownFileType = audio.wav; path = skull.wav; sourceTree = "<group>"; };
		C893C33E1C5D201A001614C2 /* hit.wav */ = {isa = PBXFileReference; lastKnownFileType = audio.wav; path = hit.wav; sourceTree = "<group>"; };
		C893C3401C62A21D001614C2 /* CharacterSelectViewController.swift */ = {isa = PBXFileReference; fileEncoding = 4; lastKnownFileType = sourcecode.swift; path = CharacterSelectViewController.swift; sourceTree = "<group>"; };
/* End PBXFileReference section */

/* Begin PBXFrameworksBuildPhase section */
		C893C3181C5BD3DE001614C2 /* Frameworks */ = {
			isa = PBXFrameworksBuildPhase;
			buildActionMask = 2147483647;
			files = (
			);
			runOnlyForDeploymentPostprocessing = 0;
		};
/* End PBXFrameworksBuildPhase section */

/* Begin PBXGroup section */
		C893C3121C5BD3DE001614C2 = {
			isa = PBXGroup;
			children = (
				C893C31D1C5BD3DF001614C2 /* My-Little-Monster */,
				C893C31C1C5BD3DE001614C2 /* Products */,
			);
			sourceTree = "<group>";
		};
		C893C31C1C5BD3DE001614C2 /* Products */ = {
			isa = PBXGroup;
			children = (
				C893C31B1C5BD3DE001614C2 /* My-Little-Monster.app */,
			);
			name = Products;
			sourceTree = "<group>";
		};
		C893C31D1C5BD3DF001614C2 /* My-Little-Monster */ = {
			isa = PBXGroup;
			children = (
				C893C3341C5C35AF001614C2 /* bite.wav */,
				C893C3351C5C35AF001614C2 /* cave-music.mp3 */,
				C893C3361C5C35AF001614C2 /* death.wav */,
				C893C3371C5C35AF001614C2 /* heart.wav */,
				C893C3381C5C35AF001614C2 /* skull.wav */,
				C893C33E1C5D201A001614C2 /* hit.wav */,
				C893C31E1C5BD3DF001614C2 /* AppDelegate.swift */,
				C893C3201C5BD3DF001614C2 /* ViewController.swift */,
				C893C3221C5BD3DF001614C2 /* Main.storyboard */,
				C893C3251C5BD3DF001614C2 /* Assets.xcassets */,
				C893C3271C5BD3DF001614C2 /* LaunchScreen.storyboard */,
				C893C32A1C5BD3DF001614C2 /* Info.plist */,
				C893C3301C5C1E9C001614C2 /* DragImage.swift */,
				C893C3321C5C21F2001614C2 /* MonsterImage.swift */,
				C893C3401C62A21D001614C2 /* CharacterSelectViewController.swift */,
			);
			path = "My-Little-Monster";
			sourceTree = "<group>";
		};
/* End PBXGroup section */

/* Begin PBXNativeTarget section */
		C893C31A1C5BD3DE001614C2 /* My-Little-Monster */ = {
			isa = PBXNativeTarget;
			buildConfigurationList = C893C32D1C5BD3DF001614C2 /* Build configuration list for PBXNativeTarget "My-Little-Monster" */;
			buildPhases = (
				C893C3171C5BD3DE001614C2 /* Sources */,
				C893C3181C5BD3DE001614C2 /* Frameworks */,
				C893C3191C5BD3DE001614C2 /* Resources */,
			);
			buildRules = (
			);
			dependencies = (
			);
			name = "My-Little-Monster";
			productName = "My-Little-Monster";
			productReference = C893C31B1C5BD3DE001614C2 /* My-Little-Monster.app */;
			productType = "com.apple.product-type.application";
		};
/* End PBXNativeTarget section */

/* Begin PBXProject section */
		C893C3131C5BD3DE001614C2 /* Project object */ = {
			isa = PBXProject;
			attributes = {
				LastSwiftUpdateCheck = 0730;
				LastUpgradeCheck = 0730;
				ORGANIZATIONNAME = JustOneJess;
				TargetAttributes = {
					C893C31A1C5BD3DE001614C2 = {
						CreatedOnToolsVersion = 7.3;
					};
				};
			};
			buildConfigurationList = C893C3161C5BD3DE001614C2 /* Build configuration list for PBXProject "My-Little-Monster" */;
			compatibilityVersion = "Xcode 3.2";
			developmentRegion = English;
			hasScannedForEncodings = 0;
			knownRegions = (
				en,
				Base,
			);
			mainGroup = C893C3121C5BD3DE001614C2;
			productRefGroup = C893C31C1C5BD3DE001614C2 /* Products */;
			projectDirPath = "";
			projectRoot = "";
			targets = (
				C893C31A1C5BD3DE001614C2 /* My-Little-Monster */,
			);
		};
/* End PBXProject section */

/* Begin PBXResourcesBuildPhase section */
		C893C3191C5BD3DE001614C2 /* Resources */ = {
			isa = PBXResourcesBuildPhase;
			buildActionMask = 2147483647;
			files = (
				C893C33D1C5C35AF001614C2 /* skull.wav in Resources */,
				C893C3391C5C35AF001614C2 /* bite.wav in Resources */,
				C893C33F1C5D201A001614C2 /* hit.wav in Resources */,
				C893C33B1C5C35AF001614C2 /* death.wav in Resources */,
				C893C33C1C5C35AF001614C2 /* heart.wav in Resources */,
				C893C33A1C5C35AF001614C2 /* cave-music.mp3 in Resources */,
				C893C3291C5BD3DF001614C2 /* LaunchScreen.storyboard in Resources */,
				C893C3261C5BD3DF001614C2 /* Assets.xcassets in Resources */,
				C893C3241C5BD3DF001614C2 /* Main.storyboard in Resources */,
			);
			runOnlyForDeploymentPostprocessing = 0;
		};
/* End PBXResourcesBuildPhase section */

/* Begin PBXSourcesBuildPhase section */
		C893C3171C5BD3DE001614C2 /* Sources */ = {
			isa = PBXSourcesBuildPhase;
			buildActionMask = 2147483647;
			files = (
				C893C3411C62A21D001614C2 /* CharacterSelectViewController.swift in Sources */,
				C893C3331C5C21F2001614C2 /* MonsterImage.swift in Sources */,
				C893C3211C5BD3DF001614C2 /* ViewController.swift in Sources */,
				C893C3311C5C1E9C001614C2 /* DragImage.swift in Sources */,
				C893C31F1C5BD3DF001614C2 /* AppDelegate.swift in Sources */,
			);
			runOnlyForDeploymentPostprocessing = 0;
		};
/* End PBXSourcesBuildPhase section */

/* Begin PBXVariantGroup section */
		C893C3221C5BD3DF001614C2 /* Main.storyboard */ = {
			isa = PBXVariantGroup;
			children = (
				C893C3231C5BD3DF001614C2 /* Base */,
			);
			name = Main.storyboard;
			sourceTree = "<group>";
		};
		C893C3271C5BD3DF001614C2 /* LaunchScreen.storyboard */ = {
			isa = PBXVariantGroup;
			children = (
				C893C3281C5BD3DF001614C2 /* Base */,
			);
			name = LaunchScreen.storyboard;
			sourceTree = "<group>";
		};
/* End PBXVariantGroup section */

/* Begin XCBuildConfiguration section */
		C893C32B1C5BD3DF001614C2 /* Debug */ = {
			isa = XCBuildConfiguration;
			buildSettings = {
				ALWAYS_SEARCH_USER_PATHS = NO;
				CLANG_CXX_LANGUAGE_STANDARD = "gnu++0x";
				CLANG_CXX_LIBRARY = "libc++";
				CLANG_ENABLE_MODULES = YES;
				CLANG_ENABLE_OBJC_ARC = YES;
				CLANG_WARN_BOOL_CONVERSION = YES;
				CLANG_WARN_CONSTANT_CONVERSION = YES;
				CLANG_WARN_DIRECT_OBJC_ISA_USAGE = YES_ERROR;
				CLANG_WARN_EMPTY_BODY = YES;
				CLANG_WARN_ENUM_CONVERSION = YES;
				CLANG_WARN_INT_CONVERSION = YES;
				CLANG_WARN_OBJC_ROOT_CLASS = YES_ERROR;
				CLANG_WARN_UNREACHABLE_CODE = YES;
				CLANG_WARN__DUPLICATE_METHOD_MATCH = YES;
				"CODE_SIGN_IDENTITY[sdk=iphoneos*]" = "iPhone Developer";
				COPY_PHASE_STRIP = NO;
				DEBUG_INFORMATION_FORMAT = dwarf;
				ENABLE_STRICT_OBJC_MSGSEND = YES;
				ENABLE_TESTABILITY = YES;
				GCC_C_LANGUAGE_STANDARD = gnu99;
				GCC_DYNAMIC_NO_PIC = NO;
				GCC_NO_COMMON_BLOCKS = YES;
				GCC_OPTIMIZATION_LEVEL = 0;
				GCC_PREPROCESSOR_DEFINITIONS = (
					"DEBUG=1",
					"$(inherited)",
				);
				GCC_WARN_64_TO_32_BIT_CONVERSION = YES;
				GCC_WARN_ABOUT_RETURN_TYPE = YES_ERROR;
				GCC_WARN_UNDECLARED_SELECTOR = YES;
				GCC_WARN_UNINITIALIZED_AUTOS = YES_AGGRESSIVE;
				GCC_WARN_UNUSED_FUNCTION = YES;
				GCC_WARN_UNUSED_VARIABLE = YES;
				IPHONEOS_DEPLOYMENT_TARGET = 9.3;
				MTL_ENABLE_DEBUG_INFO = YES;
				ONLY_ACTIVE_ARCH = YES;
				SDKROOT = iphoneos;
				SWIFT_OPTIMIZATION_LEVEL = "-Onone";
				TARGETED_DEVICE_FAMILY = "1,2";
			};
			name = Debug;
		};
		C893C32C1C5BD3DF001614C2 /* Release */ = {
			isa = XCBuildConfiguration;
			buildSettings = {
				ALWAYS_SEARCH_USER_PATHS = NO;
				CLANG_CXX_LANGUAGE_STANDARD = "gnu++0x";
				CLANG_CXX_LIBRARY = "libc++";
				CLANG_ENABLE_MODULES = YES;
				CLANG_ENABLE_OBJC_ARC = YES;
				CLANG_WARN_BOOL_CONVERSION = YES;
				CLANG_WARN_CONSTANT_CONVERSION = YES;
				CLANG_WARN_DIRECT_OBJC_ISA_USAGE = YES_ERROR;
				CLANG_WARN_EMPTY_BODY = YES;
				CLANG_WARN_ENUM_CONVERSION = YES;
				CLANG_WARN_INT_CONVERSION = YES;
				CLANG_WARN_OBJC_ROOT_CLASS = YES_ERROR;
				CLANG_WARN_UNREACHABLE_CODE = YES;
				CLANG_WARN__DUPLICATE_METHOD_MATCH = YES;
				"CODE_SIGN_IDENTITY[sdk=iphoneos*]" = "iPhone Developer";
				COPY_PHASE_STRIP = NO;
				DEBUG_INFORMATION_FORMAT = "dwarf-with-dsym";
				ENABLE_NS_ASSERTIONS = NO;
				ENABLE_STRICT_OBJC_MSGSEND = YES;
				GCC_C_LANGUAGE_STANDARD = gnu99;
				GCC_NO_COMMON_BLOCKS = YES;
				GCC_WARN_64_TO_32_BIT_CONVERSION = YES;
				GCC_WARN_ABOUT_RETURN_TYPE = YES_ERROR;
				GCC_WARN_UNDECLARED_SELECTOR = YES;
				GCC_WARN_UNINITIALIZED_AUTOS = YES_AGGRESSIVE;
				GCC_WARN_UNUSED_FUNCTION = YES;
				GCC_WARN_UNUSED_VARIABLE = YES;
				IPHONEOS_DEPLOYMENT_TARGET = 9.3;
				MTL_ENABLE_DEBUG_INFO = NO;
				SDKROOT = iphoneos;
				TARGETED_DEVICE_FAMILY = "1,2";
				VALIDATE_PRODUCT = YES;
			};
			name = Release;
		};
		C893C32E1C5BD3DF001614C2 /* Debug */ = {
			isa = XCBuildConfiguration;
			buildSettings = {
				ASSETCATALOG_COMPILER_APPICON_NAME = AppIcon;
				INFOPLIST_FILE = "My-Little-Monster/Info.plist";
				LD_RUNPATH_SEARCH_PATHS = "$(inherited) @executable_path/Frameworks";
				PRODUCT_BUNDLE_IDENTIFIER = "com.justonejess.My-Little-Monster";
				PRODUCT_NAME = "$(TARGET_NAME)";
			};
			name = Debug;
		};
		C893C32F1C5BD3DF001614C2 /* Release */ = {
			isa = XCBuildConfiguration;
			buildSettings = {
				ASSETCATALOG_COMPILER_APPICON_NAME = AppIcon;
				INFOPLIST_FILE = "My-Little-Monster/Info.plist";
				LD_RUNPATH_SEARCH_PATHS = "$(inherited) @executable_path/Frameworks";
				PRODUCT_BUNDLE_IDENTIFIER = "com.justonejess.My-Little-Monster";
				PRODUCT_NAME = "$(TARGET_NAME)";
			};
			name = Release;
		};
/* End XCBuildConfiguration section */

/* Begin XCConfigurationList section */
		C893C3161C5BD3DE001614C2 /* Build configuration list for PBXProject "My-Little-Monster" */ = {
			isa = XCConfigurationList;
			buildConfigurations = (
				C893C32B1C5BD3DF001614C2 /* Debug */,
				C893C32C1C5BD3DF001614C2 /* Release */,
			);
			defaultConfigurationIsVisible = 0;
			defaultConfigurationName = Release;
		};
		C893C32D1C5BD3DF001614C2 /* Build configuration list for PBXNativeTarget "My-Little-Monster" */ = {
			isa = XCConfigurationList;
			buildConfigurations = (
				C893C32E1C5BD3DF001614C2 /* Debug */,
				C893C32F1C5BD3DF001614C2 /* Release */,
			);
			defaultConfigurationIsVisible = 0;
		};
/* End XCConfigurationList section */
	};
	rootObject = C893C3131C5BD3DE001614C2 /* Project object */;
}
